<Solution>
  <Folder Name="/docs/">
    <File Path="README.md" />
    <File Path="docs/DESIGN.md" />
    <File Path="docs/OVERVIEW.md" />
  </Folder>
  <Folder Name="/src/">
    <Project Path="src/Assimalign.Cohesion.Scheduler.Cron.csproj" />
  </Folder>
  <Folder Name="/tests/">
    <Project Path="tests/Assimalign.Cohesion.Scheduler.Cron.Tests.csproj" />
  </Folder>
</Solution>
