
Microsoft Visual Studio Solution File, Format Version 12.00
# Visual Studio Version 17
VisualStudioVersion = 17.13.35825.156
MinimumVisualStudioVersion = 10.0.40219.1
Project("{2150E333-8FDC-42A3-9474-1A3956D46DE8}") = "Runtime.App", "Runtime.App", "{A250839E-E8D6-1141-B149-8725BDE0C410}"
EndProject
Project("{FAE04EC0-301F-11D3-BF4B-00C04F79EFBC}") = "Assimalign.Cohesion.App.Runtime", "Runtime\Assimalign.Cohesion.App.Runtime.csproj", "{DA65D726-6039-9496-C912-975C94757D61}"
EndProject
Global
	GlobalSection(SolutionConfigurationPlatforms) = preSolution
		Debug|Any CPU = Debug|Any CPU
		Release|Any CPU = Release|Any CPU
	EndGlobalSection
	GlobalSection(ProjectConfigurationPlatforms) = postSolution
		{DA65D726-6039-9496-C912-975C94757D61}.Debug|Any CPU.ActiveCfg = Debug|Any CPU
		{DA65D726-6039-9496-C912-975C94757D61}.Debug|Any CPU.Build.0 = Debug|Any CPU
		{DA65D726-6039-9496-C912-975C94757D61}.Release|Any CPU.ActiveCfg = Release|Any CPU
		{DA65D726-6039-9496-C912-975C94757D61}.Release|Any CPU.Build.0 = Release|Any CPU
	EndGlobalSection
	GlobalSection(SolutionProperties) = preSolution
		HideSolutionNode = FALSE
	EndGlobalSection
	GlobalSection(NestedProjects) = preSolution
		{DA65D726-6039-9496-C912-975C94757D61} = {A250839E-E8D6-1141-B149-8725BDE0C410}
	EndGlobalSection
	GlobalSection(ExtensibilityGlobals) = postSolution
		SolutionGuid = {E34B0134-98BD-4D17-A69C-88D1E8DAEE71}
	EndGlobalSection
EndGlobal
