
Microsoft Visual Studio Solution File, Format Version 12.00
# Visual Studio Version 17
VisualStudioVersion = 17.0.31903.59
MinimumVisualStudioVersion = 10.0.40219.1
Project("{2150E333-8FDC-42A3-9474-1A3956D46DE8}") = "tests", "tests", "{8A0EF74C-B56E-4998-85C6-C3E7F6516419}"
EndProject
Project("{2150E333-8FDC-42A3-9474-1A3956D46DE8}") = "src", "src", "{1A505603-5CAE-3AB7-2F60-90255F98FABF}"
EndProject
Project("{FAE04EC0-301F-11D3-BF4B-00C04F79EFBC}") = "Assimalign.Cohesion.Web", "Assimalign.Cohesion.Web\src\Assimalign.Cohesion.Web.csproj", "{02E5B23F-74FB-44FA-903F-B4A4C97679A3}"
EndProject
Project("{FAE04EC0-301F-11D3-BF4B-00C04F79EFBC}") = "Assimalign.Cohesion.Web.Tests", "Assimalign.Cohesion.Web\tests\Assimalign.Cohesion.Web.Tests.csproj", "{0B2E72CD-34C0-4A60-926C-6F2BA73E0F71}"
EndProject
Project("{FAE04EC0-301F-11D3-BF4B-00C04F79EFBC}") = "Assimalign.Cohesion.Web.Api", "Assimalign.Cohesion.Web.Api\src\Assimalign.Cohesion.Web.Api.csproj", "{07ED86AA-F55F-4036-B437-A44FF4C8D2FA}"
EndProject
Project("{FAE04EC0-301F-11D3-BF4B-00C04F79EFBC}") = "Assimalign.Cohesion.Web.Authentication", "Assimalign.Cohesion.Web.Authentication\src\Assimalign.Cohesion.Web.Authentication.csproj", "{2CA73712-263D-4154-A350-9372F9B56BEE}"
EndProject
Project("{FAE04EC0-301F-11D3-BF4B-00C04F79EFBC}") = "Assimalign.Cohesion.Web.Authorization", "Assimalign.Cohesion.Web.Authorization\src\Assimalign.Cohesion.Web.Authorization.csproj", "{2359DA57-7A83-49C7-9855-C6272504D59B}"
EndProject
Project("{FAE04EC0-301F-11D3-BF4B-00C04F79EFBC}") = "Assimalign.Cohesion.Web.CookiePolicy", "Assimalign.Cohesion.Web.CookiePolicy\src\Assimalign.Cohesion.Web.CookiePolicy.csproj", "{03833F8B-74BC-4093-B359-F10F801EA06B}"
EndProject
Project("{FAE04EC0-301F-11D3-BF4B-00C04F79EFBC}") = "Assimalign.Cohesion.Web.Cors", "Assimalign.Cohesion.Web.Cors\src\Assimalign.Cohesion.Web.Cors.csproj", "{7F85386B-C158-4273-971B-12F066E021F1}"
EndProject
Project("{FAE04EC0-301F-11D3-BF4B-00C04F79EFBC}") = "Assimalign.Cohesion.Web.Functions", "Assimalign.Cohesion.Web.Functions\src\Assimalign.Cohesion.Web.Functions.csproj", "{A600159A-B217-4704-99EC-5CC778CBF55D}"
EndProject
Project("{FAE04EC0-301F-11D3-BF4B-00C04F79EFBC}") = "Assimalign.Cohesion.Web.Hosting", "Assimalign.Cohesion.Web.Hosting\src\Assimalign.Cohesion.Web.Hosting.csproj", "{FA64E750-C2C1-4DE4-BD9D-47ECD45A226E}"
EndProject
Project("{FAE04EC0-301F-11D3-BF4B-00C04F79EFBC}") = "Assimalign.Cohesion.Web.Http", "Assimalign.Cohesion.Web.Http\src\Assimalign.Cohesion.Web.Http.csproj", "{0C41622A-4FA5-452D-8129-A8A8D1B8219C}"
EndProject
Project("{FAE04EC0-301F-11D3-BF4B-00C04F79EFBC}") = "Assimalign.Cohesion.Net.Http.Tests", "Assimalign.Cohesion.Web.Http\tests\Assimalign.Cohesion.Net.Http.Tests.csproj", "{0151EC06-07E6-4AAB-9D11-E451D8A92E40}"
EndProject
Project("{2150E333-8FDC-42A3-9474-1A3956D46DE8}") = "refs", "refs", "{02EA681E-C7D8-13C7-8484-4AC65E1B71E8}"
EndProject
Project("{FAE04EC0-301F-11D3-BF4B-00C04F79EFBC}") = "Assimalign.Cohesion.Core", "..\Core\Assimalign.Cohesion.Core\src\Assimalign.Cohesion.Core.csproj", "{D3DC7800-4391-3731-4D6D-011B6BF18826}"
EndProject
Project("{FAE04EC0-301F-11D3-BF4B-00C04F79EFBC}") = "Assimalign.Cohesion.Transports", "..\Core\Assimalign.Cohesion.Transports\src\Assimalign.Cohesion.Transports.csproj", "{CCDA8112-9FD1-9381-EE9A-622DBBB478A2}"
EndProject
Global
	GlobalSection(SolutionConfigurationPlatforms) = preSolution
		Debug|Any CPU = Debug|Any CPU
		Debug|x64 = Debug|x64
		Debug|x86 = Debug|x86
		Release|Any CPU = Release|Any CPU
		Release|x64 = Release|x64
		Release|x86 = Release|x86
	EndGlobalSection
	GlobalSection(ProjectConfigurationPlatforms) = postSolution
		{02E5B23F-74FB-44FA-903F-B4A4C97679A3}.Debug|Any CPU.ActiveCfg = Debug|Any CPU
		{02E5B23F-74FB-44FA-903F-B4A4C97679A3}.Debug|Any CPU.Build.0 = Debug|Any CPU
		{02E5B23F-74FB-44FA-903F-B4A4C97679A3}.Debug|x64.ActiveCfg = Debug|Any CPU
		{02E5B23F-74FB-44FA-903F-B4A4C97679A3}.Debug|x64.Build.0 = Debug|Any CPU
		{02E5B23F-74FB-44FA-903F-B4A4C97679A3}.Debug|x86.ActiveCfg = Debug|Any CPU
		{02E5B23F-74FB-44FA-903F-B4A4C97679A3}.Debug|x86.Build.0 = Debug|Any CPU
		{02E5B23F-74FB-44FA-903F-B4A4C97679A3}.Release|Any CPU.ActiveCfg = Release|Any CPU
		{02E5B23F-74FB-44FA-903F-B4A4C97679A3}.Release|Any CPU.Build.0 = Release|Any CPU
		{02E5B23F-74FB-44FA-903F-B4A4C97679A3}.Release|x64.ActiveCfg = Release|Any CPU
		{02E5B23F-74FB-44FA-903F-B4A4C97679A3}.Release|x64.Build.0 = Release|Any CPU
		{02E5B23F-74FB-44FA-903F-B4A4C97679A3}.Release|x86.ActiveCfg = Release|Any CPU
		{02E5B23F-74FB-44FA-903F-B4A4C97679A3}.Release|x86.Build.0 = Release|Any CPU
		{0B2E72CD-34C0-4A60-926C-6F2BA73E0F71}.Debug|Any CPU.ActiveCfg = Debug|Any CPU
		{0B2E72CD-34C0-4A60-926C-6F2BA73E0F71}.Debug|Any CPU.Build.0 = Debug|Any CPU
		{0B2E72CD-34C0-4A60-926C-6F2BA73E0F71}.Debug|x64.ActiveCfg = Debug|Any CPU
		{0B2E72CD-34C0-4A60-926C-6F2BA73E0F71}.Debug|x64.Build.0 = Debug|Any CPU
		{0B2E72CD-34C0-4A60-926C-6F2BA73E0F71}.Debug|x86.ActiveCfg = Debug|Any CPU
		{0B2E72CD-34C0-4A60-926C-6F2BA73E0F71}.Debug|x86.Build.0 = Debug|Any CPU
		{0B2E72CD-34C0-4A60-926C-6F2BA73E0F71}.Release|Any CPU.ActiveCfg = Release|Any CPU
		{0B2E72CD-34C0-4A60-926C-6F2BA73E0F71}.Release|Any CPU.Build.0 = Release|Any CPU
		{0B2E72CD-34C0-4A60-926C-6F2BA73E0F71}.Release|x64.ActiveCfg = Release|Any CPU
		{0B2E72CD-34C0-4A60-926C-6F2BA73E0F71}.Release|x64.Build.0 = Release|Any CPU
		{0B2E72CD-34C0-4A60-926C-6F2BA73E0F71}.Release|x86.ActiveCfg = Release|Any CPU
		{0B2E72CD-34C0-4A60-926C-6F2BA73E0F71}.Release|x86.Build.0 = Release|Any CPU
		{07ED86AA-F55F-4036-B437-A44FF4C8D2FA}.Debug|Any CPU.ActiveCfg = Debug|Any CPU
		{07ED86AA-F55F-4036-B437-A44FF4C8D2FA}.Debug|Any CPU.Build.0 = Debug|Any CPU
		{07ED86AA-F55F-4036-B437-A44FF4C8D2FA}.Debug|x64.ActiveCfg = Debug|Any CPU
		{07ED86AA-F55F-4036-B437-A44FF4C8D2FA}.Debug|x64.Build.0 = Debug|Any CPU
		{07ED86AA-F55F-4036-B437-A44FF4C8D2FA}.Debug|x86.ActiveCfg = Debug|Any CPU
		{07ED86AA-F55F-4036-B437-A44FF4C8D2FA}.Debug|x86.Build.0 = Debug|Any CPU
		{07ED86AA-F55F-4036-B437-A44FF4C8D2FA}.Release|Any CPU.ActiveCfg = Release|Any CPU
		{07ED86AA-F55F-4036-B437-A44FF4C8D2FA}.Release|Any CPU.Build.0 = Release|Any CPU
		{07ED86AA-F55F-4036-B437-A44FF4C8D2FA}.Release|x64.ActiveCfg = Release|Any CPU
		{07ED86AA-F55F-4036-B437-A44FF4C8D2FA}.Release|x64.Build.0 = Release|Any CPU
		{07ED86AA-F55F-4036-B437-A44FF4C8D2FA}.Release|x86.ActiveCfg = Release|Any CPU
		{07ED86AA-F55F-4036-B437-A44FF4C8D2FA}.Release|x86.Build.0 = Release|Any CPU
		{2CA73712-263D-4154-A350-9372F9B56BEE}.Debug|Any CPU.ActiveCfg = Debug|Any CPU
		{2CA73712-263D-4154-A350-9372F9B56BEE}.Debug|Any CPU.Build.0 = Debug|Any CPU
		{2CA73712-263D-4154-A350-9372F9B56BEE}.Debug|x64.ActiveCfg = Debug|Any CPU
		{2CA73712-263D-4154-A350-9372F9B56BEE}.Debug|x64.Build.0 = Debug|Any CPU
		{2CA73712-263D-4154-A350-9372F9B56BEE}.Debug|x86.ActiveCfg = Debug|Any CPU
		{2CA73712-263D-4154-A350-9372F9B56BEE}.Debug|x86.Build.0 = Debug|Any CPU
		{2CA73712-263D-4154-A350-9372F9B56BEE}.Release|Any CPU.ActiveCfg = Release|Any CPU
		{2CA73712-263D-4154-A350-9372F9B56BEE}.Release|Any CPU.Build.0 = Release|Any CPU
		{2CA73712-263D-4154-A350-9372F9B56BEE}.Release|x64.ActiveCfg = Release|Any CPU
		{2CA73712-263D-4154-A350-9372F9B56BEE}.Release|x64.Build.0 = Release|Any CPU
		{2CA73712-263D-4154-A350-9372F9B56BEE}.Release|x86.ActiveCfg = Release|Any CPU
		{2CA73712-263D-4154-A350-9372F9B56BEE}.Release|x86.Build.0 = Release|Any CPU
		{2359DA57-7A83-49C7-9855-C6272504D59B}.Debug|Any CPU.ActiveCfg = Debug|Any CPU
		{2359DA57-7A83-49C7-9855-C6272504D59B}.Debug|Any CPU.Build.0 = Debug|Any CPU
		{2359DA57-7A83-49C7-9855-C6272504D59B}.Debug|x64.ActiveCfg = Debug|Any CPU
		{2359DA57-7A83-49C7-9855-C6272504D59B}.Debug|x64.Build.0 = Debug|Any CPU
		{2359DA57-7A83-49C7-9855-C6272504D59B}.Debug|x86.ActiveCfg = Debug|Any CPU
		{2359DA57-7A83-49C7-9855-C6272504D59B}.Debug|x86.Build.0 = Debug|Any CPU
		{2359DA57-7A83-49C7-9855-C6272504D59B}.Release|Any CPU.ActiveCfg = Release|Any CPU
		{2359DA57-7A83-49C7-9855-C6272504D59B}.Release|Any CPU.Build.0 = Release|Any CPU
		{2359DA57-7A83-49C7-9855-C6272504D59B}.Release|x64.ActiveCfg = Release|Any CPU
		{2359DA57-7A83-49C7-9855-C6272504D59B}.Release|x64.Build.0 = Release|Any CPU
		{2359DA57-7A83-49C7-9855-C6272504D59B}.Release|x86.ActiveCfg = Release|Any CPU
		{2359DA57-7A83-49C7-9855-C6272504D59B}.Release|x86.Build.0 = Release|Any CPU
		{03833F8B-74BC-4093-B359-F10F801EA06B}.Debug|Any CPU.ActiveCfg = Debug|Any CPU
		{03833F8B-74BC-4093-B359-F10F801EA06B}.Debug|Any CPU.Build.0 = Debug|Any CPU
		{03833F8B-74BC-4093-B359-F10F801EA06B}.Debug|x64.ActiveCfg = Debug|Any CPU
		{03833F8B-74BC-4093-B359-F10F801EA06B}.Debug|x64.Build.0 = Debug|Any CPU
		{03833F8B-74BC-4093-B359-F10F801EA06B}.Debug|x86.ActiveCfg = Debug|Any CPU
		{03833F8B-74BC-4093-B359-F10F801EA06B}.Debug|x86.Build.0 = Debug|Any CPU
		{03833F8B-74BC-4093-B359-F10F801EA06B}.Release|Any CPU.ActiveCfg = Release|Any CPU
		{03833F8B-74BC-4093-B359-F10F801EA06B}.Release|Any CPU.Build.0 = Release|Any CPU
		{03833F8B-74BC-4093-B359-F10F801EA06B}.Release|x64.ActiveCfg = Release|Any CPU
		{03833F8B-74BC-4093-B359-F10F801EA06B}.Release|x64.Build.0 = Release|Any CPU
		{03833F8B-74BC-4093-B359-F10F801EA06B}.Release|x86.ActiveCfg = Release|Any CPU
		{03833F8B-74BC-4093-B359-F10F801EA06B}.Release|x86.Build.0 = Release|Any CPU
		{7F85386B-C158-4273-971B-12F066E021F1}.Debug|Any CPU.ActiveCfg = Debug|Any CPU
		{7F85386B-C158-4273-971B-12F066E021F1}.Debug|Any CPU.Build.0 = Debug|Any CPU
		{7F85386B-C158-4273-971B-12F066E021F1}.Debug|x64.ActiveCfg = Debug|Any CPU
		{7F85386B-C158-4273-971B-12F066E021F1}.Debug|x64.Build.0 = Debug|Any CPU
		{7F85386B-C158-4273-971B-12F066E021F1}.Debug|x86.ActiveCfg = Debug|Any CPU
		{7F85386B-C158-4273-971B-12F066E021F1}.Debug|x86.Build.0 = Debug|Any CPU
		{7F85386B-C158-4273-971B-12F066E021F1}.Release|Any CPU.ActiveCfg = Release|Any CPU
		{7F85386B-C158-4273-971B-12F066E021F1}.Release|Any CPU.Build.0 = Release|Any CPU
		{7F85386B-C158-4273-971B-12F066E021F1}.Release|x64.ActiveCfg = Release|Any CPU
		{7F85386B-C158-4273-971B-12F066E021F1}.Release|x64.Build.0 = Release|Any CPU
		{7F85386B-C158-4273-971B-12F066E021F1}.Release|x86.ActiveCfg = Release|Any CPU
		{7F85386B-C158-4273-971B-12F066E021F1}.Release|x86.Build.0 = Release|Any CPU
		{A600159A-B217-4704-99EC-5CC778CBF55D}.Debug|Any CPU.ActiveCfg = Debug|Any CPU
		{A600159A-B217-4704-99EC-5CC778CBF55D}.Debug|Any CPU.Build.0 = Debug|Any CPU
		{A600159A-B217-4704-99EC-5CC778CBF55D}.Debug|x64.ActiveCfg = Debug|Any CPU
		{A600159A-B217-4704-99EC-5CC778CBF55D}.Debug|x64.Build.0 = Debug|Any CPU
		{A600159A-B217-4704-99EC-5CC778CBF55D}.Debug|x86.ActiveCfg = Debug|Any CPU
		{A600159A-B217-4704-99EC-5CC778CBF55D}.Debug|x86.Build.0 = Debug|Any CPU
		{A600159A-B217-4704-99EC-5CC778CBF55D}.Release|Any CPU.ActiveCfg = Release|Any CPU
		{A600159A-B217-4704-99EC-5CC778CBF55D}.Release|Any CPU.Build.0 = Release|Any CPU
		{A600159A-B217-4704-99EC-5CC778CBF55D}.Release|x64.ActiveCfg = Release|Any CPU
		{A600159A-B217-4704-99EC-5CC778CBF55D}.Release|x64.Build.0 = Release|Any CPU
		{A600159A-B217-4704-99EC-5CC778CBF55D}.Release|x86.ActiveCfg = Release|Any CPU
		{A600159A-B217-4704-99EC-5CC778CBF55D}.Release|x86.Build.0 = Release|Any CPU
		{FA64E750-C2C1-4DE4-BD9D-47ECD45A226E}.Debug|Any CPU.ActiveCfg = Debug|Any CPU
		{FA64E750-C2C1-4DE4-BD9D-47ECD45A226E}.Debug|Any CPU.Build.0 = Debug|Any CPU
		{FA64E750-C2C1-4DE4-BD9D-47ECD45A226E}.Debug|x64.ActiveCfg = Debug|Any CPU
		{FA64E750-C2C1-4DE4-BD9D-47ECD45A226E}.Debug|x64.Build.0 = Debug|Any CPU
		{FA64E750-C2C1-4DE4-BD9D-47ECD45A226E}.Debug|x86.ActiveCfg = Debug|Any CPU
		{FA64E750-C2C1-4DE4-BD9D-47ECD45A226E}.Debug|x86.Build.0 = Debug|Any CPU
		{FA64E750-C2C1-4DE4-BD9D-47ECD45A226E}.Release|Any CPU.ActiveCfg = Release|Any CPU
		{FA64E750-C2C1-4DE4-BD9D-47ECD45A226E}.Release|Any CPU.Build.0 = Release|Any CPU
		{FA64E750-C2C1-4DE4-BD9D-47ECD45A226E}.Release|x64.ActiveCfg = Release|Any CPU
		{FA64E750-C2C1-4DE4-BD9D-47ECD45A226E}.Release|x64.Build.0 = Release|Any CPU
		{FA64E750-C2C1-4DE4-BD9D-47ECD45A226E}.Release|x86.ActiveCfg = Release|Any CPU
		{FA64E750-C2C1-4DE4-BD9D-47ECD45A226E}.Release|x86.Build.0 = Release|Any CPU
		{0C41622A-4FA5-452D-8129-A8A8D1B8219C}.Debug|Any CPU.ActiveCfg = Debug|Any CPU
		{0C41622A-4FA5-452D-8129-A8A8D1B8219C}.Debug|Any CPU.Build.0 = Debug|Any CPU
		{0C41622A-4FA5-452D-8129-A8A8D1B8219C}.Debug|x64.ActiveCfg = Debug|Any CPU
		{0C41622A-4FA5-452D-8129-A8A8D1B8219C}.Debug|x64.Build.0 = Debug|Any CPU
		{0C41622A-4FA5-452D-8129-A8A8D1B8219C}.Debug|x86.ActiveCfg = Debug|Any CPU
		{0C41622A-4FA5-452D-8129-A8A8D1B8219C}.Debug|x86.Build.0 = Debug|Any CPU
		{0C41622A-4FA5-452D-8129-A8A8D1B8219C}.Release|Any CPU.ActiveCfg = Release|Any CPU
		{0C41622A-4FA5-452D-8129-A8A8D1B8219C}.Release|Any CPU.Build.0 = Release|Any CPU
		{0C41622A-4FA5-452D-8129-A8A8D1B8219C}.Release|x64.ActiveCfg = Release|Any CPU
		{0C41622A-4FA5-452D-8129-A8A8D1B8219C}.Release|x64.Build.0 = Release|Any CPU
		{0C41622A-4FA5-452D-8129-A8A8D1B8219C}.Release|x86.ActiveCfg = Release|Any CPU
		{0C41622A-4FA5-452D-8129-A8A8D1B8219C}.Release|x86.Build.0 = Release|Any CPU
		{0151EC06-07E6-4AAB-9D11-E451D8A92E40}.Debug|Any CPU.ActiveCfg = Debug|Any CPU
		{0151EC06-07E6-4AAB-9D11-E451D8A92E40}.Debug|Any CPU.Build.0 = Debug|Any CPU
		{0151EC06-07E6-4AAB-9D11-E451D8A92E40}.Debug|x64.ActiveCfg = Debug|Any CPU
		{0151EC06-07E6-4AAB-9D11-E451D8A92E40}.Debug|x64.Build.0 = Debug|Any CPU
		{0151EC06-07E6-4AAB-9D11-E451D8A92E40}.Debug|x86.ActiveCfg = Debug|Any CPU
		{0151EC06-07E6-4AAB-9D11-E451D8A92E40}.Debug|x86.Build.0 = Debug|Any CPU
		{0151EC06-07E6-4AAB-9D11-E451D8A92E40}.Release|Any CPU.ActiveCfg = Release|Any CPU
		{0151EC06-07E6-4AAB-9D11-E451D8A92E40}.Release|Any CPU.Build.0 = Release|Any CPU
		{0151EC06-07E6-4AAB-9D11-E451D8A92E40}.Release|x64.ActiveCfg = Release|Any CPU
		{0151EC06-07E6-4AAB-9D11-E451D8A92E40}.Release|x64.Build.0 = Release|Any CPU
		{0151EC06-07E6-4AAB-9D11-E451D8A92E40}.Release|x86.ActiveCfg = Release|Any CPU
		{0151EC06-07E6-4AAB-9D11-E451D8A92E40}.Release|x86.Build.0 = Release|Any CPU
		{D3DC7800-4391-3731-4D6D-011B6BF18826}.Debug|Any CPU.ActiveCfg = Debug|Any CPU
		{D3DC7800-4391-3731-4D6D-011B6BF18826}.Debug|Any CPU.Build.0 = Debug|Any CPU
		{D3DC7800-4391-3731-4D6D-011B6BF18826}.Debug|x64.ActiveCfg = Debug|Any CPU
		{D3DC7800-4391-3731-4D6D-011B6BF18826}.Debug|x64.Build.0 = Debug|Any CPU
		{D3DC7800-4391-3731-4D6D-011B6BF18826}.Debug|x86.ActiveCfg = Debug|Any CPU
		{D3DC7800-4391-3731-4D6D-011B6BF18826}.Debug|x86.Build.0 = Debug|Any CPU
		{D3DC7800-4391-3731-4D6D-011B6BF18826}.Release|Any CPU.ActiveCfg = Release|Any CPU
		{D3DC7800-4391-3731-4D6D-011B6BF18826}.Release|Any CPU.Build.0 = Release|Any CPU
		{D3DC7800-4391-3731-4D6D-011B6BF18826}.Release|x64.ActiveCfg = Release|Any CPU
		{D3DC7800-4391-3731-4D6D-011B6BF18826}.Release|x64.Build.0 = Release|Any CPU
		{D3DC7800-4391-3731-4D6D-011B6BF18826}.Release|x86.ActiveCfg = Release|Any CPU
		{D3DC7800-4391-3731-4D6D-011B6BF18826}.Release|x86.Build.0 = Release|Any CPU
		{CCDA8112-9FD1-9381-EE9A-622DBBB478A2}.Debug|Any CPU.ActiveCfg = Debug|Any CPU
		{CCDA8112-9FD1-9381-EE9A-622DBBB478A2}.Debug|Any CPU.Build.0 = Debug|Any CPU
		{CCDA8112-9FD1-9381-EE9A-622DBBB478A2}.Debug|x64.ActiveCfg = Debug|Any CPU
		{CCDA8112-9FD1-9381-EE9A-622DBBB478A2}.Debug|x64.Build.0 = Debug|Any CPU
		{CCDA8112-9FD1-9381-EE9A-622DBBB478A2}.Debug|x86.ActiveCfg = Debug|Any CPU
		{CCDA8112-9FD1-9381-EE9A-622DBBB478A2}.Debug|x86.Build.0 = Debug|Any CPU
		{CCDA8112-9FD1-9381-EE9A-622DBBB478A2}.Release|Any CPU.ActiveCfg = Release|Any CPU
		{CCDA8112-9FD1-9381-EE9A-622DBBB478A2}.Release|Any CPU.Build.0 = Release|Any CPU
		{CCDA8112-9FD1-9381-EE9A-622DBBB478A2}.Release|x64.ActiveCfg = Release|Any CPU
		{CCDA8112-9FD1-9381-EE9A-622DBBB478A2}.Release|x64.Build.0 = Release|Any CPU
		{CCDA8112-9FD1-9381-EE9A-622DBBB478A2}.Release|x86.ActiveCfg = Release|Any CPU
		{CCDA8112-9FD1-9381-EE9A-622DBBB478A2}.Release|x86.Build.0 = Release|Any CPU
	EndGlobalSection
	GlobalSection(SolutionProperties) = preSolution
		HideSolutionNode = FALSE
	EndGlobalSection
	GlobalSection(NestedProjects) = preSolution
		{02E5B23F-74FB-44FA-903F-B4A4C97679A3} = {1A505603-5CAE-3AB7-2F60-90255F98FABF}
		{0B2E72CD-34C0-4A60-926C-6F2BA73E0F71} = {8A0EF74C-B56E-4998-85C6-C3E7F6516419}
		{07ED86AA-F55F-4036-B437-A44FF4C8D2FA} = {1A505603-5CAE-3AB7-2F60-90255F98FABF}
		{2CA73712-263D-4154-A350-9372F9B56BEE} = {1A505603-5CAE-3AB7-2F60-90255F98FABF}
		{2359DA57-7A83-49C7-9855-C6272504D59B} = {1A505603-5CAE-3AB7-2F60-90255F98FABF}
		{03833F8B-74BC-4093-B359-F10F801EA06B} = {1A505603-5CAE-3AB7-2F60-90255F98FABF}
		{7F85386B-C158-4273-971B-12F066E021F1} = {1A505603-5CAE-3AB7-2F60-90255F98FABF}
		{A600159A-B217-4704-99EC-5CC778CBF55D} = {1A505603-5CAE-3AB7-2F60-90255F98FABF}
		{FA64E750-C2C1-4DE4-BD9D-47ECD45A226E} = {1A505603-5CAE-3AB7-2F60-90255F98FABF}
		{0C41622A-4FA5-452D-8129-A8A8D1B8219C} = {1A505603-5CAE-3AB7-2F60-90255F98FABF}
		{0151EC06-07E6-4AAB-9D11-E451D8A92E40} = {8A0EF74C-B56E-4998-85C6-C3E7F6516419}
		{D3DC7800-4391-3731-4D6D-011B6BF18826} = {02EA681E-C7D8-13C7-8484-4AC65E1B71E8}
		{CCDA8112-9FD1-9381-EE9A-622DBBB478A2} = {02EA681E-C7D8-13C7-8484-4AC65E1B71E8}
	EndGlobalSection
EndGlobal
