<Solution>
  <Folder Name="/templates/">
    <File Path="README.md" />
  </Folder>
  <Folder Name="/templates/Assimalign.Cohesion.Templates/docs/">
    <File Path="Assimalign.Cohesion.Templates/docs/OVERVIEW.md" />
    <File Path="Assimalign.Cohesion.Templates/docs/DESIGN.md" />
  </Folder>
  <Folder Name="/templates/Assimalign.Cohesion.Templates/src/">
    <Project Path="Assimalign.Cohesion.Templates/src/Assimalign.Cohesion.Templates.csproj" />
  </Folder>
  <Folder Name="/templates/Assimalign.Cohesion.Templates/tests/">
    <Project Path="Assimalign.Cohesion.Templates/tests/Assimalign.Cohesion.Templates.Tests.csproj" />
  </Folder>
</Solution>
