<Solution>
	<Configurations>
		<Platform Name="Any CPU" />
		<Platform Name="x64" />
		<Platform Name="x86" />
	</Configurations>
	<Folder Name="/sdks/">
		<File Path="Directory.Build.props" />
		<File Path="Directory.Build.targets" />
		<File Path="README.md" />
		<Project Path="Assimalign.Cohesion.Sdk/Tasks/Assimalign.Cohesion.Sdk.Tasks.csproj" />
	</Folder>
</Solution>
