
Microsoft Visual Studio Solution File, Format Version 12.00
# Visual Studio Version 17
VisualStudioVersion = 17.0.31903.59
MinimumVisualStudioVersion = 10.0.40219.1
Project("{2150E333-8FDC-42A3-9474-1A3956D46DE8}") = "src", "src", "{827E0CD3-B72D-47B6-A68D-7590B98EB39B}"
EndProject
Project("{FAE04EC0-301F-11D3-BF4B-00C04F79EFBC}") = "Assimalign.Cohesion.Database.Sql.Storage", "src\Assimalign.Cohesion.Database.Sql.Storage.csproj", "{FD158A15-E50B-46DF-A39D-61D1E2E785B9}"
EndProject
Project("{2150E333-8FDC-42A3-9474-1A3956D46DE8}") = "tests", "tests", "{0AB3BF05-4346-4AA6-1389-037BE0695223}"
EndProject
Project("{FAE04EC0-301F-11D3-BF4B-00C04F79EFBC}") = "Assimalign.Cohesion.Database.Sql.Storage.Tests", "tests\Assimalign.Cohesion.Database.Sql.Storage.Tests.csproj", "{3FA79F37-B02C-44B5-B804-CED9F3911EFF}"
EndProject
Global
	GlobalSection(SolutionConfigurationPlatforms) = preSolution
		Debug|Any CPU = Debug|Any CPU
		Debug|x64 = Debug|x64
		Debug|x86 = Debug|x86
		Release|Any CPU = Release|Any CPU
		Release|x64 = Release|x64
		Release|x86 = Release|x86
	EndGlobalSection
	GlobalSection(ProjectConfigurationPlatforms) = postSolution
		{FD158A15-E50B-46DF-A39D-61D1E2E785B9}.Debug|Any CPU.ActiveCfg = Debug|Any CPU
		{FD158A15-E50B-46DF-A39D-61D1E2E785B9}.Debug|Any CPU.Build.0 = Debug|Any CPU
		{FD158A15-E50B-46DF-A39D-61D1E2E785B9}.Debug|x64.ActiveCfg = Debug|Any CPU
		{FD158A15-E50B-46DF-A39D-61D1E2E785B9}.Debug|x64.Build.0 = Debug|Any CPU
		{FD158A15-E50B-46DF-A39D-61D1E2E785B9}.Debug|x86.ActiveCfg = Debug|Any CPU
		{FD158A15-E50B-46DF-A39D-61D1E2E785B9}.Debug|x86.Build.0 = Debug|Any CPU
		{FD158A15-E50B-46DF-A39D-61D1E2E785B9}.Release|Any CPU.ActiveCfg = Release|Any CPU
		{FD158A15-E50B-46DF-A39D-61D1E2E785B9}.Release|Any CPU.Build.0 = Release|Any CPU
		{FD158A15-E50B-46DF-A39D-61D1E2E785B9}.Release|x64.ActiveCfg = Release|Any CPU
		{FD158A15-E50B-46DF-A39D-61D1E2E785B9}.Release|x64.Build.0 = Release|Any CPU
		{FD158A15-E50B-46DF-A39D-61D1E2E785B9}.Release|x86.ActiveCfg = Release|Any CPU
		{FD158A15-E50B-46DF-A39D-61D1E2E785B9}.Release|x86.Build.0 = Release|Any CPU
		{3FA79F37-B02C-44B5-B804-CED9F3911EFF}.Debug|Any CPU.ActiveCfg = Debug|Any CPU
		{3FA79F37-B02C-44B5-B804-CED9F3911EFF}.Debug|Any CPU.Build.0 = Debug|Any CPU
		{3FA79F37-B02C-44B5-B804-CED9F3911EFF}.Debug|x64.ActiveCfg = Debug|Any CPU
		{3FA79F37-B02C-44B5-B804-CED9F3911EFF}.Debug|x64.Build.0 = Debug|Any CPU
		{3FA79F37-B02C-44B5-B804-CED9F3911EFF}.Debug|x86.ActiveCfg = Debug|Any CPU
		{3FA79F37-B02C-44B5-B804-CED9F3911EFF}.Debug|x86.Build.0 = Debug|Any CPU
		{3FA79F37-B02C-44B5-B804-CED9F3911EFF}.Release|Any CPU.ActiveCfg = Release|Any CPU
		{3FA79F37-B02C-44B5-B804-CED9F3911EFF}.Release|Any CPU.Build.0 = Release|Any CPU
		{3FA79F37-B02C-44B5-B804-CED9F3911EFF}.Release|x64.ActiveCfg = Release|Any CPU
		{3FA79F37-B02C-44B5-B804-CED9F3911EFF}.Release|x64.Build.0 = Release|Any CPU
		{3FA79F37-B02C-44B5-B804-CED9F3911EFF}.Release|x86.ActiveCfg = Release|Any CPU
		{3FA79F37-B02C-44B5-B804-CED9F3911EFF}.Release|x86.Build.0 = Release|Any CPU
	EndGlobalSection
	GlobalSection(SolutionProperties) = preSolution
		HideSolutionNode = FALSE
	EndGlobalSection
	GlobalSection(NestedProjects) = preSolution
		{FD158A15-E50B-46DF-A39D-61D1E2E785B9} = {827E0CD3-B72D-47B6-A68D-7590B98EB39B}
		{3FA79F37-B02C-44B5-B804-CED9F3911EFF} = {0AB3BF05-4346-4AA6-1389-037BE0695223}
	EndGlobalSection
EndGlobal
