
Microsoft Visual Studio Solution File, Format Version 12.00
# Visual Studio Version 17
VisualStudioVersion = 17.0.31903.59
MinimumVisualStudioVersion = 10.0.40219.1
Project("{2150E333-8FDC-42A3-9474-1A3956D46DE8}") = "Assimalign.Cohesion.Dns", "Assimalign.Cohesion.Dns", "{AD6F5788-D675-B523-A531-DE32AD1BE08C}"
EndProject
Project("{2150E333-8FDC-42A3-9474-1A3956D46DE8}") = "src", "src", "{98A1B4E3-B38A-6025-DC9A-2FBDD650EA26}"
EndProject
Project("{FAE04EC0-301F-11D3-BF4B-00C04F79EFBC}") = "Assimalign.Cohesion.Dns", "Assimalign.Cohesion.Dns\src\Assimalign.Cohesion.Dns.csproj", "{BFFB70A5-81A6-4242-BE99-BDE3EC845DA7}"
EndProject
Project("{FAE04EC0-301F-11D3-BF4B-00C04F79EFBC}") = "Assimalign.Cohesion.Dns.Client", "Assimalign.Cohesion.Dns.Client\src\Assimalign.Cohesion.Dns.Client.csproj", "{5C91FCDC-6A77-433C-B598-D481C08E4782}"
EndProject
Project("{FAE04EC0-301F-11D3-BF4B-00C04F79EFBC}") = "Assimalign.Cohesion.Dns.Server", "Assimalign.Cohesion.Dns.Hosting\src\Assimalign.Cohesion.Dns.Server.csproj", "{41848505-E95A-4D55-A82F-598C121ED825}"
EndProject
Project("{2150E333-8FDC-42A3-9474-1A3956D46DE8}") = "Assimalign.Cohesion.Dns.Client", "Assimalign.Cohesion.Dns.Client", "{02EA681E-C7D8-13C7-8484-4AC65E1B71E8}"
EndProject
Project("{2150E333-8FDC-42A3-9474-1A3956D46DE8}") = "src", "src", "{DF06A1CA-81F8-4D72-B4BF-EC4893DBAB1D}"
EndProject
Global
	GlobalSection(SolutionConfigurationPlatforms) = preSolution
		Debug|Any CPU = Debug|Any CPU
		Debug|x64 = Debug|x64
		Debug|x86 = Debug|x86
		Release|Any CPU = Release|Any CPU
		Release|x64 = Release|x64
		Release|x86 = Release|x86
	EndGlobalSection
	GlobalSection(ProjectConfigurationPlatforms) = postSolution
		{BFFB70A5-81A6-4242-BE99-BDE3EC845DA7}.Debug|Any CPU.ActiveCfg = Debug|Any CPU
		{BFFB70A5-81A6-4242-BE99-BDE3EC845DA7}.Debug|Any CPU.Build.0 = Debug|Any CPU
		{BFFB70A5-81A6-4242-BE99-BDE3EC845DA7}.Debug|x64.ActiveCfg = Debug|Any CPU
		{BFFB70A5-81A6-4242-BE99-BDE3EC845DA7}.Debug|x64.Build.0 = Debug|Any CPU
		{BFFB70A5-81A6-4242-BE99-BDE3EC845DA7}.Debug|x86.ActiveCfg = Debug|Any CPU
		{BFFB70A5-81A6-4242-BE99-BDE3EC845DA7}.Debug|x86.Build.0 = Debug|Any CPU
		{BFFB70A5-81A6-4242-BE99-BDE3EC845DA7}.Release|Any CPU.ActiveCfg = Release|Any CPU
		{BFFB70A5-81A6-4242-BE99-BDE3EC845DA7}.Release|Any CPU.Build.0 = Release|Any CPU
		{BFFB70A5-81A6-4242-BE99-BDE3EC845DA7}.Release|x64.ActiveCfg = Release|Any CPU
		{BFFB70A5-81A6-4242-BE99-BDE3EC845DA7}.Release|x64.Build.0 = Release|Any CPU
		{BFFB70A5-81A6-4242-BE99-BDE3EC845DA7}.Release|x86.ActiveCfg = Release|Any CPU
		{BFFB70A5-81A6-4242-BE99-BDE3EC845DA7}.Release|x86.Build.0 = Release|Any CPU
		{5C91FCDC-6A77-433C-B598-D481C08E4782}.Debug|Any CPU.ActiveCfg = Debug|Any CPU
		{5C91FCDC-6A77-433C-B598-D481C08E4782}.Debug|Any CPU.Build.0 = Debug|Any CPU
		{5C91FCDC-6A77-433C-B598-D481C08E4782}.Debug|x64.ActiveCfg = Debug|Any CPU
		{5C91FCDC-6A77-433C-B598-D481C08E4782}.Debug|x64.Build.0 = Debug|Any CPU
		{5C91FCDC-6A77-433C-B598-D481C08E4782}.Debug|x86.ActiveCfg = Debug|Any CPU
		{5C91FCDC-6A77-433C-B598-D481C08E4782}.Debug|x86.Build.0 = Debug|Any CPU
		{5C91FCDC-6A77-433C-B598-D481C08E4782}.Release|Any CPU.ActiveCfg = Release|Any CPU
		{5C91FCDC-6A77-433C-B598-D481C08E4782}.Release|Any CPU.Build.0 = Release|Any CPU
		{5C91FCDC-6A77-433C-B598-D481C08E4782}.Release|x64.ActiveCfg = Release|Any CPU
		{5C91FCDC-6A77-433C-B598-D481C08E4782}.Release|x64.Build.0 = Release|Any CPU
		{5C91FCDC-6A77-433C-B598-D481C08E4782}.Release|x86.ActiveCfg = Release|Any CPU
		{5C91FCDC-6A77-433C-B598-D481C08E4782}.Release|x86.Build.0 = Release|Any CPU
		{41848505-E95A-4D55-A82F-598C121ED825}.Debug|Any CPU.ActiveCfg = Debug|Any CPU
		{41848505-E95A-4D55-A82F-598C121ED825}.Debug|Any CPU.Build.0 = Debug|Any CPU
		{41848505-E95A-4D55-A82F-598C121ED825}.Debug|x64.ActiveCfg = Debug|Any CPU
		{41848505-E95A-4D55-A82F-598C121ED825}.Debug|x64.Build.0 = Debug|Any CPU
		{41848505-E95A-4D55-A82F-598C121ED825}.Debug|x86.ActiveCfg = Debug|Any CPU
		{41848505-E95A-4D55-A82F-598C121ED825}.Debug|x86.Build.0 = Debug|Any CPU
		{41848505-E95A-4D55-A82F-598C121ED825}.Release|Any CPU.ActiveCfg = Release|Any CPU
		{41848505-E95A-4D55-A82F-598C121ED825}.Release|Any CPU.Build.0 = Release|Any CPU
		{41848505-E95A-4D55-A82F-598C121ED825}.Release|x64.ActiveCfg = Release|Any CPU
		{41848505-E95A-4D55-A82F-598C121ED825}.Release|x64.Build.0 = Release|Any CPU
		{41848505-E95A-4D55-A82F-598C121ED825}.Release|x86.ActiveCfg = Release|Any CPU
		{41848505-E95A-4D55-A82F-598C121ED825}.Release|x86.Build.0 = Release|Any CPU
	EndGlobalSection
	GlobalSection(SolutionProperties) = preSolution
		HideSolutionNode = FALSE
	EndGlobalSection
	GlobalSection(NestedProjects) = preSolution
		{98A1B4E3-B38A-6025-DC9A-2FBDD650EA26} = {AD6F5788-D675-B523-A531-DE32AD1BE08C}
		{BFFB70A5-81A6-4242-BE99-BDE3EC845DA7} = {98A1B4E3-B38A-6025-DC9A-2FBDD650EA26}
		{5C91FCDC-6A77-433C-B598-D481C08E4782} = {DF06A1CA-81F8-4D72-B4BF-EC4893DBAB1D}
		{41848505-E95A-4D55-A82F-598C121ED825} = {98A1B4E3-B38A-6025-DC9A-2FBDD650EA26}
		{DF06A1CA-81F8-4D72-B4BF-EC4893DBAB1D} = {02EA681E-C7D8-13C7-8484-4AC65E1B71E8}
	EndGlobalSection
	GlobalSection(ExtensibilityGlobals) = postSolution
		SolutionGuid = {D999E58C-C45E-4898-ACDA-F2AB5B9F988A}
	EndGlobalSection
EndGlobal
